
Microsoft Visual Studio Solution File, Format Version 12.00
# Visual Studio Version 16
VisualStudioVersion = 16.0.31515.178
MinimumVisualStudioVersion = 10.0.40219.1
Project("{2150E333-8FDC-42A3-9474-1A3956D46DE8}") = "Services", "Services", "{CC82548D-8917-4617-88ED-407E0788BE86}"
EndProject
Project("{2150E333-8FDC-42A3-9474-1A3956D46DE8}") = "Catalog", "Catalog", "{F3119674-854E-4D16-849B-A800D55B7F8B}"
EndProject
Project("{9A19103F-16F7-4668-BE54-9A1E7A4F7556}") = "Catalog.API", "Services\Catalog\Catalog.API\Catalog.API.csproj", "{CEA073DA-73EB-4975-BCB8-6E33715860AB}"
EndProject
Project("{E53339B2-1760-4266-BCC7-CA923CBCF16C}") = "docker-compose", "docker-compose.dcproj", "{29675AA7-5C36-48A1-893D-5360820E5155}"
EndProject
Project("{2150E333-8FDC-42A3-9474-1A3956D46DE8}") = "Basket", "Basket", "{619DEA17-081F-4CB2-AACE-AB27423F53BA}"
EndProject
Project("{9A19103F-16F7-4668-BE54-9A1E7A4F7556}") = "Basket.API", "Services\Basket\Basket.API\Basket.API.csproj", "{B79FD392-5E7F-45FB-AF5E-A3ACFC0C35DD}"
EndProject
Project("{2150E333-8FDC-42A3-9474-1A3956D46DE8}") = "Discount", "Discount", "{2BD5A984-7DC4-45A8-BDB1-2CD2111E785B}"
EndProject
Project("{9A19103F-16F7-4668-BE54-9A1E7A4F7556}") = "Discount.API", "Services\Discount\Discount.API\Discount.API.csproj", "{54C83E81-0E7B-4A37-8BC9-E31E757CDF7E}"
EndProject
Project("{9A19103F-16F7-4668-BE54-9A1E7A4F7556}") = "Discount.Grpc", "Services\Discount\Discount.Grpc\Discount.Grpc.csproj", "{2EEA5A58-E7C6-4998-B506-342542BA72C6}"
EndProject
Project("{2150E333-8FDC-42A3-9474-1A3956D46DE8}") = "Ordering", "Ordering", "{0F7E966E-CCC5-435D-920E-6DC63FF8DB65}"
EndProject
Project("{FAE04EC0-301F-11D3-BF4B-00C04F79EFBC}") = "Ordering.API", "Services\Ordering\Ordering.API\Ordering.API.csproj", "{F4E5C5AB-BA73-43AE-B33A-0F85D4299E77}"
EndProject
Project("{FAE04EC0-301F-11D3-BF4B-00C04F79EFBC}") = "Ordering.Domain", "Services\Ordering\Ordering.Domain\Ordering.Domain.csproj", "{7FD7BE19-850F-42DE-A789-334460E0B849}"
EndProject
Project("{FAE04EC0-301F-11D3-BF4B-00C04F79EFBC}") = "Ordering.Application", "Services\Ordering\Ordering.Application\Ordering.Application.csproj", "{B2D6E60F-6939-4026-8B0C-41507897FB36}"
EndProject
Project("{FAE04EC0-301F-11D3-BF4B-00C04F79EFBC}") = "Ordering.Infrastructure", "Services\Ordering\Ordering.Infrastructure\Ordering.Infrastructure.csproj", "{59F77AFF-957A-46EB-939E-76B758066907}"
EndProject
Global
	GlobalSection(SolutionConfigurationPlatforms) = preSolution
		Debug|Any CPU = Debug|Any CPU
		Release|Any CPU = Release|Any CPU
	EndGlobalSection
	GlobalSection(ProjectConfigurationPlatforms) = postSolution
		{CEA073DA-73EB-4975-BCB8-6E33715860AB}.Debug|Any CPU.ActiveCfg = Debug|Any CPU
		{CEA073DA-73EB-4975-BCB8-6E33715860AB}.Debug|Any CPU.Build.0 = Debug|Any CPU
		{CEA073DA-73EB-4975-BCB8-6E33715860AB}.Release|Any CPU.ActiveCfg = Release|Any CPU
		{CEA073DA-73EB-4975-BCB8-6E33715860AB}.Release|Any CPU.Build.0 = Release|Any CPU
		{29675AA7-5C36-48A1-893D-5360820E5155}.Debug|Any CPU.ActiveCfg = Debug|Any CPU
		{29675AA7-5C36-48A1-893D-5360820E5155}.Debug|Any CPU.Build.0 = Debug|Any CPU
		{29675AA7-5C36-48A1-893D-5360820E5155}.Release|Any CPU.ActiveCfg = Release|Any CPU
		{29675AA7-5C36-48A1-893D-5360820E5155}.Release|Any CPU.Build.0 = Release|Any CPU
		{B79FD392-5E7F-45FB-AF5E-A3ACFC0C35DD}.Debug|Any CPU.ActiveCfg = Debug|Any CPU
		{B79FD392-5E7F-45FB-AF5E-A3ACFC0C35DD}.Debug|Any CPU.Build.0 = Debug|Any CPU
		{B79FD392-5E7F-45FB-AF5E-A3ACFC0C35DD}.Release|Any CPU.ActiveCfg = Release|Any CPU
		{B79FD392-5E7F-45FB-AF5E-A3ACFC0C35DD}.Release|Any CPU.Build.0 = Release|Any CPU
		{54C83E81-0E7B-4A37-8BC9-E31E757CDF7E}.Debug|Any CPU.ActiveCfg = Debug|Any CPU
		{54C83E81-0E7B-4A37-8BC9-E31E757CDF7E}.Debug|Any CPU.Build.0 = Debug|Any CPU
		{54C83E81-0E7B-4A37-8BC9-E31E757CDF7E}.Release|Any CPU.ActiveCfg = Release|Any CPU
		{54C83E81-0E7B-4A37-8BC9-E31E757CDF7E}.Release|Any CPU.Build.0 = Release|Any CPU
		{2EEA5A58-E7C6-4998-B506-342542BA72C6}.Debug|Any CPU.ActiveCfg = Debug|Any CPU
		{2EEA5A58-E7C6-4998-B506-342542BA72C6}.Debug|Any CPU.Build.0 = Debug|Any CPU
		{2EEA5A58-E7C6-4998-B506-342542BA72C6}.Release|Any CPU.ActiveCfg = Release|Any CPU
		{2EEA5A58-E7C6-4998-B506-342542BA72C6}.Release|Any CPU.Build.0 = Release|Any CPU
		{F4E5C5AB-BA73-43AE-B33A-0F85D4299E77}.Debug|Any CPU.ActiveCfg = Debug|Any CPU
		{F4E5C5AB-BA73-43AE-B33A-0F85D4299E77}.Debug|Any CPU.Build.0 = Debug|Any CPU
		{F4E5C5AB-BA73-43AE-B33A-0F85D4299E77}.Release|Any CPU.ActiveCfg = Release|Any CPU
		{F4E5C5AB-BA73-43AE-B33A-0F85D4299E77}.Release|Any CPU.Build.0 = Release|Any CPU
		{7FD7BE19-850F-42DE-A789-334460E0B849}.Debug|Any CPU.ActiveCfg = Debug|Any CPU
		{7FD7BE19-850F-42DE-A789-334460E0B849}.Debug|Any CPU.Build.0 = Debug|Any CPU
		{7FD7BE19-850F-42DE-A789-334460E0B849}.Release|Any CPU.ActiveCfg = Release|Any CPU
		{7FD7BE19-850F-42DE-A789-334460E0B849}.Release|Any CPU.Build.0 = Release|Any CPU
		{B2D6E60F-6939-4026-8B0C-41507897FB36}.Debug|Any CPU.ActiveCfg = Debug|Any CPU
		{B2D6E60F-6939-4026-8B0C-41507897FB36}.Debug|Any CPU.Build.0 = Debug|Any CPU
		{B2D6E60F-6939-4026-8B0C-41507897FB36}.Release|Any CPU.ActiveCfg = Release|Any CPU
		{B2D6E60F-6939-4026-8B0C-41507897FB36}.Release|Any CPU.Build.0 = Release|Any CPU
		{59F77AFF-957A-46EB-939E-76B758066907}.Debug|Any CPU.ActiveCfg = Debug|Any CPU
		{59F77AFF-957A-46EB-939E-76B758066907}.Debug|Any CPU.Build.0 = Debug|Any CPU
		{59F77AFF-957A-46EB-939E-76B758066907}.Release|Any CPU.ActiveCfg = Release|Any CPU
		{59F77AFF-957A-46EB-939E-76B758066907}.Release|Any CPU.Build.0 = Release|Any CPU
	EndGlobalSection
	GlobalSection(SolutionProperties) = preSolution
		HideSolutionNode = FALSE
	EndGlobalSection
	GlobalSection(NestedProjects) = preSolution
		{F3119674-854E-4D16-849B-A800D55B7F8B} = {CC82548D-8917-4617-88ED-407E0788BE86}
		{CEA073DA-73EB-4975-BCB8-6E33715860AB} = {F3119674-854E-4D16-849B-A800D55B7F8B}
		{619DEA17-081F-4CB2-AACE-AB27423F53BA} = {CC82548D-8917-4617-88ED-407E0788BE86}
		{B79FD392-5E7F-45FB-AF5E-A3ACFC0C35DD} = {619DEA17-081F-4CB2-AACE-AB27423F53BA}
		{2BD5A984-7DC4-45A8-BDB1-2CD2111E785B} = {CC82548D-8917-4617-88ED-407E0788BE86}
		{54C83E81-0E7B-4A37-8BC9-E31E757CDF7E} = {2BD5A984-7DC4-45A8-BDB1-2CD2111E785B}
		{2EEA5A58-E7C6-4998-B506-342542BA72C6} = {2BD5A984-7DC4-45A8-BDB1-2CD2111E785B}
		{0F7E966E-CCC5-435D-920E-6DC63FF8DB65} = {CC82548D-8917-4617-88ED-407E0788BE86}
		{F4E5C5AB-BA73-43AE-B33A-0F85D4299E77} = {0F7E966E-CCC5-435D-920E-6DC63FF8DB65}
		{7FD7BE19-850F-42DE-A789-334460E0B849} = {0F7E966E-CCC5-435D-920E-6DC63FF8DB65}
		{B2D6E60F-6939-4026-8B0C-41507897FB36} = {0F7E966E-CCC5-435D-920E-6DC63FF8DB65}
		{59F77AFF-957A-46EB-939E-76B758066907} = {0F7E966E-CCC5-435D-920E-6DC63FF8DB65}
	EndGlobalSection
	GlobalSection(ExtensibilityGlobals) = postSolution
		SolutionGuid = {B7151FDC-18DC-421C-9EEC-8642A5EC81ED}
	EndGlobalSection
EndGlobal
